{
  "requires": true,
  "lockfileVersion": 1,
  "dependencies": {
    "@onsenui/custom-elements": {
      "version": "1.0.0",
      "resolved": "https://registry.npmjs.org/@onsenui/custom-elements/-/custom-elements-1.0.0.tgz",
      "integrity": "sha512-KhYeDFhQyE6j3xxWqyu3q8KgeuaRGUwDjuHnmS1gRri+OZ6w6CUqYPn6kidZjXz+LkU2dEp/D+BWo+9Qi6nSSQ=="
    },
    "android-versions": {
      "version": "1.2.1",
      "resolved": "https://registry.npmjs.org/android-versions/-/android-versions-1.2.1.tgz",
      "integrity": "sha512-k6zlrtWbJ3tx1ZsyyJ0Bo3r6cqPA3JUnFGv7pnIaLr1XVxSi2Tcem2lg3kBebFp27v/A40tZqdlouPyakpyKrw=="
    },
    "core-js": {
      "version": "2.4.1",
      "resolved": "https://registry.npmjs.org/core-js/-/core-js-2.4.1.tgz",
      "integrity": "sha1-TekR5mew6ukSTjQlS1OupvxhjT4="
    },
    "ngx-onsenui": {
      "version": "4.1.0",
      "resolved": "https://registry.npmjs.org/ngx-onsenui/-/ngx-onsenui-4.1.0.tgz",
      "integrity": "sha1-r5eP63mkpxNue6Q06uP3mESCfv8="
    },
    "onsenui": {
      "version": "2.5.3",
      "resolved": "https://registry.npmjs.org/onsenui/-/onsenui-2.5.3.tgz",
      "integrity": "sha512-1P5wdffjYHTsaNquKh9peTd2MLSNITI15+SbPHRdf3doLHSv8Yk693ZyyXTY76NGTqJDpSRAvm4FniihD7aiAA==",
      "requires": {
        "@onsenui/custom-elements": "1.0.0",
        "core-js": "2.4.1"
      }
    }
  }
}
