{
  "name": "com.ie.deutschemitte",
  "version": "8.6.1",
  "lockfileVersion": 1,
  "requires": true,
  "dependencies": {
    "@onsenui/custom-elements": {
      "version": "1.0.0",
      "resolved": "https://registry.npmjs.org/@onsenui/custom-elements/-/custom-elements-1.0.0.tgz",
      "integrity": "sha512-KhYeDFhQyE6j3xxWqyu3q8KgeuaRGUwDjuHnmS1gRri+OZ6w6CUqYPn6kidZjXz+LkU2dEp/D+BWo+9Qi6nSSQ=="
    },
    "cordova-ios-plugin-no-export-compliance": {
      "version": "0.0.5",
      "resolved": "https://registry.npmjs.org/cordova-ios-plugin-no-export-compliance/-/cordova-ios-plugin-no-export-compliance-0.0.5.tgz",
      "integrity": "sha512-oHa+SmsMJ4xo4uOgXoQHa7hE0C+I/MSYNxNQYXktVTx8czMpXqV5OnZbTUE/kA4qM/l7XDdxRPeVL8SxIPmA7A=="
    },
    "cordova-plugin-ios-no-export-compliance": {
      "version": "0.0.1-security",
      "resolved": "https://registry.npmjs.org/cordova-plugin-ios-no-export-compliance/-/cordova-plugin-ios-no-export-compliance-0.0.1-security.tgz",
      "integrity": "sha1-Wahcc4RC5aXDV482YbsnMpLfwbk="
    },
    "core-js": {
      "version": "2.4.1",
      "resolved": "https://registry.npmjs.org/core-js/-/core-js-2.4.1.tgz",
      "integrity": "sha1-TekR5mew6ukSTjQlS1OupvxhjT4="
    },
    "onsenui": {
      "version": "2.7.0",
      "resolved": "https://registry.npmjs.org/onsenui/-/onsenui-2.7.0.tgz",
      "integrity": "sha512-2ZUiaZl6fH1h8gL/Ra3Xh8Uekl0NAi76N/RzM9ybr4Qz/VzHdOa2UXA6dNdKGwigk/8a3SZNYy2X0oqxVLqoLA==",
      "requires": {
        "@onsenui/custom-elements": "1.0.0",
        "core-js": "2.4.1"
      }
    }
  }
}
